
Microsoft Visual Studio Solution File, Format Version 12.00
# Visual Studio Version 17
VisualStudioVersion = 17.9.34723.18
MinimumVisualStudioVersion = 10.0.40219.1
Project("{FAE04EC0-301F-11D3-BF4B-00C04F79EFBC}") = "ExamenParcial", "ExamenParcial\ExamenParcial.csproj", "{528DABBD-6164-4712-B208-45538F8801EB}"
EndProject
Project("{FAE04EC0-301F-11D3-BF4B-00C04F79EFBC}") = "Repository", "Repository\Repository.csproj", "{3102E98F-1D50-4A79-97B5-FF59629E5A27}"
EndProject
Project("{FAE04EC0-301F-11D3-BF4B-00C04F79EFBC}") = "Services", "Services\Services.csproj", "{D6BBB4A1-1DB7-475D-9CA8-F35CCA9194BE}"
EndProject
Global
	GlobalSection(SolutionConfigurationPlatforms) = preSolution
		Debug|Any CPU = Debug|Any CPU
		Release|Any CPU = Release|Any CPU
	EndGlobalSection
	GlobalSection(ProjectConfigurationPlatforms) = postSolution
		{528DABBD-6164-4712-B208-45538F8801EB}.Debug|Any CPU.ActiveCfg = Debug|Any CPU
		{528DABBD-6164-4712-B208-45538F8801EB}.Debug|Any CPU.Build.0 = Debug|Any CPU
		{528DABBD-6164-4712-B208-45538F8801EB}.Release|Any CPU.ActiveCfg = Release|Any CPU
		{528DABBD-6164-4712-B208-45538F8801EB}.Release|Any CPU.Build.0 = Release|Any CPU
		{3102E98F-1D50-4A79-97B5-FF59629E5A27}.Debug|Any CPU.ActiveCfg = Debug|Any CPU
		{3102E98F-1D50-4A79-97B5-FF59629E5A27}.Debug|Any CPU.Build.0 = Debug|Any CPU
		{3102E98F-1D50-4A79-97B5-FF59629E5A27}.Release|Any CPU.ActiveCfg = Release|Any CPU
		{3102E98F-1D50-4A79-97B5-FF59629E5A27}.Release|Any CPU.Build.0 = Release|Any CPU
		{D6BBB4A1-1DB7-475D-9CA8-F35CCA9194BE}.Debug|Any CPU.ActiveCfg = Debug|Any CPU
		{D6BBB4A1-1DB7-475D-9CA8-F35CCA9194BE}.Debug|Any CPU.Build.0 = Debug|Any CPU
		{D6BBB4A1-1DB7-475D-9CA8-F35CCA9194BE}.Release|Any CPU.ActiveCfg = Release|Any CPU
		{D6BBB4A1-1DB7-475D-9CA8-F35CCA9194BE}.Release|Any CPU.Build.0 = Release|Any CPU
	EndGlobalSection
	GlobalSection(SolutionProperties) = preSolution
		HideSolutionNode = FALSE
	EndGlobalSection
	GlobalSection(ExtensibilityGlobals) = postSolution
		SolutionGuid = {9F7B7EC2-5E00-4A4A-8DB1-F034E39DD769}
	EndGlobalSection
EndGlobal
